// !$*UTF8*$!
{
	archiveVersion = 1;
	classes = {
	};
	objectVersion = 50;
	objects = {

/* Begin PBXBuildFile section */
		D037D1B021E4430E0054F1AD /* AppDelegate.swift in Sources */ = {isa = PBXBuildFile; fileRef = D037D1AF21E4430E0054F1AD /* AppDelegate.swift */; };
		D037D1B221E4430E0054F1AD /* ViewController.swift in Sources */ = {isa = PBXBuildFile; fileRef = D037D1B121E4430E0054F1AD /* ViewController.swift */; };
		D037D1B521E4430E0054F1AD /* Main.storyboard in Resources */ = {isa = PBXBuildFile; fileRef = D037D1B321E4430E0054F1AD /* Main.storyboard */; };
		D037D1B721E443100054F1AD /* Assets.xcassets in Resources */ = {isa = PBXBuildFile; fileRef = D037D1B621E443100054F1AD /* Assets.xcassets */; };
		D037D1BA21E443100054F1AD /* LaunchScreen.storyboard in Resources */ = {isa = PBXBuildFile; fileRef = D037D1B821E443100054F1AD /* LaunchScreen.storyboard */; };
		D037D1C521E443110054F1AD /* YMTInAppPurchaseSampleAppTests.swift in Sources */ = {isa = PBXBuildFile; fileRef = D037D1C421E443110054F1AD /* YMTInAppPurchaseSampleAppTests.swift */; };
		D037D1D021E443110054F1AD /* YMTInAppPurchaseSampleAppUITests.swift in Sources */ = {isa = PBXBuildFile; fileRef = D037D1CF21E443110054F1AD /* YMTInAppPurchaseSampleAppUITests.swift */; };
		D0BAC2B321E5CA9E00FE1E30 /* YMTInAppPurchase.framework in Frameworks */ = {isa = PBXBuildFile; fileRef = D0BAC2B221E5CA9E00FE1E30 /* YMTInAppPurchase.framework */; };
		D0BAC2B421E5CA9E00FE1E30 /* YMTInAppPurchase.framework in Embed Frameworks */ = {isa = PBXBuildFile; fileRef = D0BAC2B221E5CA9E00FE1E30 /* YMTInAppPurchase.framework */; settings = {ATTRIBUTES = (CodeSignOnCopy, RemoveHeadersOnCopy, ); }; };
		D0C5A90521E5C5EC00208B87 /* StoreKit.framework in Frameworks */ = {isa = PBXBuildFile; fileRef = D0C5A90421E5C5EC00208B87 /* StoreKit.framework */; };
/* End PBXBuildFile section */

/* Begin PBXContainerItemProxy section */
		D037D1C121E443100054F1AD /* PBXContainerItemProxy */ = {
			isa = PBXContainerItemProxy;
			containerPortal = D037D1A421E4430E0054F1AD /* Project object */;
			proxyType = 1;
			remoteGlobalIDString = D037D1AB21E4430E0054F1AD;
			remoteInfo = YMTInAppPurchaseSampleApp;
		};
		D037D1CC21E443110054F1AD /* PBXContainerItemProxy */ = {
			isa = PBXContainerItemProxy;
			containerPortal = D037D1A421E4430E0054F1AD /* Project object */;
			proxyType = 1;
			remoteGlobalIDString = D037D1AB21E4430E0054F1AD;
			remoteInfo = YMTInAppPurchaseSampleApp;
		};
/* End PBXContainerItemProxy section */

/* Begin PBXCopyFilesBuildPhase section */
		D0BAC2AB21E5C75900FE1E30 /* Embed Frameworks */ = {
			isa = PBXCopyFilesBuildPhase;
			buildActionMask = 2147483647;
			dstPath = "";
			dstSubfolderSpec = 10;
			files = (
				D0BAC2B421E5CA9E00FE1E30 /* YMTInAppPurchase.framework in Embed Frameworks */,
			);
			name = "Embed Frameworks";
			runOnlyForDeploymentPostprocessing = 0;
		};
/* End PBXCopyFilesBuildPhase section */

/* Begin PBXFileReference section */
		D037D1AC21E4430E0054F1AD /* YMTInAppPurchaseSampleApp.app */ = {isa = PBXFileReference; explicitFileType = wrapper.application; includeInIndex = 0; path = YMTInAppPurchaseSampleApp.app; sourceTree = BUILT_PRODUCTS_DIR; };
		D037D1AF21E4430E0054F1AD /* AppDelegate.swift */ = {isa = PBXFileReference; lastKnownFileType = sourcecode.swift; path = AppDelegate.swift; sourceTree = "<group>"; };
		D037D1B121E4430E0054F1AD /* ViewController.swift */ = {isa = PBXFileReference; lastKnownFileType = sourcecode.swift; path = ViewController.swift; sourceTree = "<group>"; };
		D037D1B421E4430E0054F1AD /* Base */ = {isa = PBXFileReference; lastKnownFileType = file.storyboard; name = Base; path = Base.lproj/Main.storyboard; sourceTree = "<group>"; };
		D037D1B621E443100054F1AD /* Assets.xcassets */ = {isa = PBXFileReference; lastKnownFileType = folder.assetcatalog; path = Assets.xcassets; sourceTree = "<group>"; };
		D037D1B921E443100054F1AD /* Base */ = {isa = PBXFileReference; lastKnownFileType = file.storyboard; name = Base; path = Base.lproj/LaunchScreen.storyboard; sourceTree = "<group>"; };
		D037D1BB21E443100054F1AD /* Info.plist */ = {isa = PBXFileReference; lastKnownFileType = text.plist.xml; path = Info.plist; sourceTree = "<group>"; };
		D037D1C021E443100054F1AD /* YMTInAppPurchaseSampleAppTests.xctest */ = {isa = PBXFileReference; explicitFileType = wrapper.cfbundle; includeInIndex = 0; path = YMTInAppPurchaseSampleAppTests.xctest; sourceTree = BUILT_PRODUCTS_DIR; };
		D037D1C421E443110054F1AD /* YMTInAppPurchaseSampleAppTests.swift */ = {isa = PBXFileReference; lastKnownFileType = sourcecode.swift; path = YMTInAppPurchaseSampleAppTests.swift; sourceTree = "<group>"; };
		D037D1C621E443110054F1AD /* Info.plist */ = {isa = PBXFileReference; lastKnownFileType = text.plist.xml; path = Info.plist; sourceTree = "<group>"; };
		D037D1CB21E443110054F1AD /* YMTInAppPurchaseSampleAppUITests.xctest */ = {isa = PBXFileReference; explicitFileType = wrapper.cfbundle; includeInIndex = 0; path = YMTInAppPurchaseSampleAppUITests.xctest; sourceTree = BUILT_PRODUCTS_DIR; };
		D037D1CF21E443110054F1AD /* YMTInAppPurchaseSampleAppUITests.swift */ = {isa = PBXFileReference; lastKnownFileType = sourcecode.swift; path = YMTInAppPurchaseSampleAppUITests.swift; sourceTree = "<group>"; };
		D037D1D121E443110054F1AD /* Info.plist */ = {isa = PBXFileReference; lastKnownFileType = text.plist.xml; path = Info.plist; sourceTree = "<group>"; };
		D037D1DE21E5974D0054F1AD /* YMTInAppPurchase.framework */ = {isa = PBXFileReference; explicitFileType = wrapper.framework; path = YMTInAppPurchase.framework; sourceTree = BUILT_PRODUCTS_DIR; };
		D0BAC2B221E5CA9E00FE1E30 /* YMTInAppPurchase.framework */ = {isa = PBXFileReference; lastKnownFileType = wrapper.framework; name = YMTInAppPurchase.framework; path = YMTInAppPurchaseSampleApp/YMTInAppPurchase.framework; sourceTree = "<group>"; };
		D0C5A90421E5C5EC00208B87 /* StoreKit.framework */ = {isa = PBXFileReference; lastKnownFileType = wrapper.framework; name = StoreKit.framework; path = System/Library/Frameworks/StoreKit.framework; sourceTree = SDKROOT; };
/* End PBXFileReference section */

/* Begin PBXFrameworksBuildPhase section */
		D037D1A921E4430E0054F1AD /* Frameworks */ = {
			isa = PBXFrameworksBuildPhase;
			buildActionMask = 2147483647;
			files = (
				D0C5A90521E5C5EC00208B87 /* StoreKit.framework in Frameworks */,
				D0BAC2B321E5CA9E00FE1E30 /* YMTInAppPurchase.framework in Frameworks */,
			);
			runOnlyForDeploymentPostprocessing = 0;
		};
		D037D1BD21E443100054F1AD /* Frameworks */ = {
			isa = PBXFrameworksBuildPhase;
			buildActionMask = 2147483647;
			files = (
			);
			runOnlyForDeploymentPostprocessing = 0;
		};
		D037D1C821E443110054F1AD /* Frameworks */ = {
			isa = PBXFrameworksBuildPhase;
			buildActionMask = 2147483647;
			files = (
			);
			runOnlyForDeploymentPostprocessing = 0;
		};
/* End PBXFrameworksBuildPhase section */

/* Begin PBXGroup section */
		D037D1A321E4430E0054F1AD = {
			isa = PBXGroup;
			children = (
				D0BAC2B221E5CA9E00FE1E30 /* YMTInAppPurchase.framework */,
				D037D1AE21E4430E0054F1AD /* YMTInAppPurchaseSampleApp */,
				D037D1C321E443110054F1AD /* YMTInAppPurchaseSampleAppTests */,
				D037D1CE21E443110054F1AD /* YMTInAppPurchaseSampleAppUITests */,
				D037D1AD21E4430E0054F1AD /* Products */,
				D037D1DD21E5974D0054F1AD /* Frameworks */,
			);
			sourceTree = "<group>";
		};
		D037D1AD21E4430E0054F1AD /* Products */ = {
			isa = PBXGroup;
			children = (
				D037D1AC21E4430E0054F1AD /* YMTInAppPurchaseSampleApp.app */,
				D037D1C021E443100054F1AD /* YMTInAppPurchaseSampleAppTests.xctest */,
				D037D1CB21E443110054F1AD /* YMTInAppPurchaseSampleAppUITests.xctest */,
			);
			name = Products;
			sourceTree = "<group>";
		};
		D037D1AE21E4430E0054F1AD /* YMTInAppPurchaseSampleApp */ = {
			isa = PBXGroup;
			children = (
				D037D1AF21E4430E0054F1AD /* AppDelegate.swift */,
				D037D1B121E4430E0054F1AD /* ViewController.swift */,
				D037D1B321E4430E0054F1AD /* Main.storyboard */,
				D037D1B621E443100054F1AD /* Assets.xcassets */,
				D037D1B821E443100054F1AD /* LaunchScreen.storyboard */,
				D037D1BB21E443100054F1AD /* Info.plist */,
			);
			path = YMTInAppPurchaseSampleApp;
			sourceTree = "<group>";
		};
		D037D1C321E443110054F1AD /* YMTInAppPurchaseSampleAppTests */ = {
			isa = PBXGroup;
			children = (
				D037D1C421E443110054F1AD /* YMTInAppPurchaseSampleAppTests.swift */,
				D037D1C621E443110054F1AD /* Info.plist */,
			);
			path = YMTInAppPurchaseSampleAppTests;
			sourceTree = "<group>";
		};
		D037D1CE21E443110054F1AD /* YMTInAppPurchaseSampleAppUITests */ = {
			isa = PBXGroup;
			children = (
				D037D1CF21E443110054F1AD /* YMTInAppPurchaseSampleAppUITests.swift */,
				D037D1D121E443110054F1AD /* Info.plist */,
			);
			path = YMTInAppPurchaseSampleAppUITests;
			sourceTree = "<group>";
		};
		D037D1DD21E5974D0054F1AD /* Frameworks */ = {
			isa = PBXGroup;
			children = (
				D0C5A90421E5C5EC00208B87 /* StoreKit.framework */,
				D037D1DE21E5974D0054F1AD /* YMTInAppPurchase.framework */,
			);
			name = Frameworks;
			sourceTree = "<group>";
		};
/* End PBXGroup section */

/* Begin PBXNativeTarget section */
		D037D1AB21E4430E0054F1AD /* YMTInAppPurchaseSampleApp */ = {
			isa = PBXNativeTarget;
			buildConfigurationList = D037D1D421E443110054F1AD /* Build configuration list for PBXNativeTarget "YMTInAppPurchaseSampleApp" */;
			buildPhases = (
				D037D1A821E4430E0054F1AD /* Sources */,
				D037D1A921E4430E0054F1AD /* Frameworks */,
				D037D1AA21E4430E0054F1AD /* Resources */,
				D0BAC2AB21E5C75900FE1E30 /* Embed Frameworks */,
			);
			buildRules = (
			);
			dependencies = (
			);
			name = YMTInAppPurchaseSampleApp;
			productName = YMTInAppPurchaseSampleApp;
			productReference = D037D1AC21E4430E0054F1AD /* YMTInAppPurchaseSampleApp.app */;
			productType = "com.apple.product-type.application";
		};
		D037D1BF21E443100054F1AD /* YMTInAppPurchaseSampleAppTests */ = {
			isa = PBXNativeTarget;
			buildConfigurationList = D037D1D721E443110054F1AD /* Build configuration list for PBXNativeTarget "YMTInAppPurchaseSampleAppTests" */;
			buildPhases = (
				D037D1BC21E443100054F1AD /* Sources */,
				D037D1BD21E443100054F1AD /* Frameworks */,
				D037D1BE21E443100054F1AD /* Resources */,
			);
			buildRules = (
			);
			dependencies = (
				D037D1C221E443100054F1AD /* PBXTargetDependency */,
			);
			name = YMTInAppPurchaseSampleAppTests;
			productName = YMTInAppPurchaseSampleAppTests;
			productReference = D037D1C021E443100054F1AD /* YMTInAppPurchaseSampleAppTests.xctest */;
			productType = "com.apple.product-type.bundle.unit-test";
		};
		D037D1CA21E443110054F1AD /* YMTInAppPurchaseSampleAppUITests */ = {
			isa = PBXNativeTarget;
			buildConfigurationList = D037D1DA21E443110054F1AD /* Build configuration list for PBXNativeTarget "YMTInAppPurchaseSampleAppUITests" */;
			buildPhases = (
				D037D1C721E443110054F1AD /* Sources */,
				D037D1C821E443110054F1AD /* Frameworks */,
				D037D1C921E443110054F1AD /* Resources */,
			);
			buildRules = (
			);
			dependencies = (
				D037D1CD21E443110054F1AD /* PBXTargetDependency */,
			);
			name = YMTInAppPurchaseSampleAppUITests;
			productName = YMTInAppPurchaseSampleAppUITests;
			productReference = D037D1CB21E443110054F1AD /* YMTInAppPurchaseSampleAppUITests.xctest */;
			productType = "com.apple.product-type.bundle.ui-testing";
		};
/* End PBXNativeTarget section */

/* Begin PBXProject section */
		D037D1A421E4430E0054F1AD /* Project object */ = {
			isa = PBXProject;
			attributes = {
				LastSwiftUpdateCheck = 1010;
				LastUpgradeCheck = 1010;
				ORGANIZATIONNAME = MasamiYamate;
				TargetAttributes = {
					D037D1AB21E4430E0054F1AD = {
						CreatedOnToolsVersion = 10.1;
						SystemCapabilities = {
							com.apple.InAppPurchase = {
								enabled = 1;
							};
						};
					};
					D037D1BF21E443100054F1AD = {
						CreatedOnToolsVersion = 10.1;
						TestTargetID = D037D1AB21E4430E0054F1AD;
					};
					D037D1CA21E443110054F1AD = {
						CreatedOnToolsVersion = 10.1;
						TestTargetID = D037D1AB21E4430E0054F1AD;
					};
				};
			};
			buildConfigurationList = D037D1A721E4430E0054F1AD /* Build configuration list for PBXProject "YMTInAppPurchaseSampleApp" */;
			compatibilityVersion = "Xcode 9.3";
			developmentRegion = en;
			hasScannedForEncodings = 0;
			knownRegions = (
				en,
				Base,
			);
			mainGroup = D037D1A321E4430E0054F1AD;
			productRefGroup = D037D1AD21E4430E0054F1AD /* Products */;
			projectDirPath = "";
			projectRoot = "";
			targets = (
				D037D1AB21E4430E0054F1AD /* YMTInAppPurchaseSampleApp */,
				D037D1BF21E443100054F1AD /* YMTInAppPurchaseSampleAppTests */,
				D037D1CA21E443110054F1AD /* YMTInAppPurchaseSampleAppUITests */,
			);
		};
/* End PBXProject section */

/* Begin PBXResourcesBuildPhase section */
		D037D1AA21E4430E0054F1AD /* Resources */ = {
			isa = PBXResourcesBuildPhase;
			buildActionMask = 2147483647;
			files = (
				D037D1BA21E443100054F1AD /* LaunchScreen.storyboard in Resources */,
				D037D1B721E443100054F1AD /* Assets.xcassets in Resources */,
				D037D1B521E4430E0054F1AD /* Main.storyboard in Resources */,
			);
			runOnlyForDeploymentPostprocessing = 0;
		};
		D037D1BE21E443100054F1AD /* Resources */ = {
			isa = PBXResourcesBuildPhase;
			buildActionMask = 2147483647;
			files = (
			);
			runOnlyForDeploymentPostprocessing = 0;
		};
		D037D1C921E443110054F1AD /* Resources */ = {
			isa = PBXResourcesBuildPhase;
			buildActionMask = 2147483647;
			files = (
			);
			runOnlyForDeploymentPostprocessing = 0;
		};
/* End PBXResourcesBuildPhase section */

/* Begin PBXSourcesBuildPhase section */
		D037D1A821E4430E0054F1AD /* Sources */ = {
			isa = PBXSourcesBuildPhase;
			buildActionMask = 2147483647;
			files = (
				D037D1B221E4430E0054F1AD /* ViewController.swift in Sources */,
				D037D1B021E4430E0054F1AD /* AppDelegate.swift in Sources */,
			);
			runOnlyForDeploymentPostprocessing = 0;
		};
		D037D1BC21E443100054F1AD /* Sources */ = {
			isa = PBXSourcesBuildPhase;
			buildActionMask = 2147483647;
			files = (
				D037D1C521E443110054F1AD /* YMTInAppPurchaseSampleAppTests.swift in Sources */,
			);
			runOnlyForDeploymentPostprocessing = 0;
		};
		D037D1C721E443110054F1AD /* Sources */ = {
			isa = PBXSourcesBuildPhase;
			buildActionMask = 2147483647;
			files = (
				D037D1D021E443110054F1AD /* YMTInAppPurchaseSampleAppUITests.swift in Sources */,
			);
			runOnlyForDeploymentPostprocessing = 0;
		};
/* End PBXSourcesBuildPhase section */

/* Begin PBXTargetDependency section */
		D037D1C221E443100054F1AD /* PBXTargetDependency */ = {
			isa = PBXTargetDependency;
			target = D037D1AB21E4430E0054F1AD /* YMTInAppPurchaseSampleApp */;
			targetProxy = D037D1C121E443100054F1AD /* PBXContainerItemProxy */;
		};
		D037D1CD21E443110054F1AD /* PBXTargetDependency */ = {
			isa = PBXTargetDependency;
			target = D037D1AB21E4430E0054F1AD /* YMTInAppPurchaseSampleApp */;
			targetProxy = D037D1CC21E443110054F1AD /* PBXContainerItemProxy */;
		};
/* End PBXTargetDependency section */

/* Begin PBXVariantGroup section */
		D037D1B321E4430E0054F1AD /* Main.storyboard */ = {
			isa = PBXVariantGroup;
			children = (
				D037D1B421E4430E0054F1AD /* Base */,
			);
			name = Main.storyboard;
			sourceTree = "<group>";
		};
		D037D1B821E443100054F1AD /* LaunchScreen.storyboard */ = {
			isa = PBXVariantGroup;
			children = (
				D037D1B921E443100054F1AD /* Base */,
			);
			name = LaunchScreen.storyboard;
			sourceTree = "<group>";
		};
/* End PBXVariantGroup section */

/* Begin XCBuildConfiguration section */
		D037D1D221E443110054F1AD /* Debug */ = {
			isa = XCBuildConfiguration;
			buildSettings = {
				ALWAYS_SEARCH_USER_PATHS = NO;
				CLANG_ANALYZER_NONNULL = YES;
				CLANG_ANALYZER_NUMBER_OBJECT_CONVERSION = YES_AGGRESSIVE;
				CLANG_CXX_LANGUAGE_STANDARD = "gnu++14";
				CLANG_CXX_LIBRARY = "libc++";
				CLANG_ENABLE_MODULES = YES;
				CLANG_ENABLE_OBJC_ARC = YES;
				CLANG_ENABLE_OBJC_WEAK = YES;
				CLANG_WARN_BLOCK_CAPTURE_AUTORELEASING = YES;
				CLANG_WARN_BOOL_CONVERSION = YES;
				CLANG_WARN_COMMA = YES;
				CLANG_WARN_CONSTANT_CONVERSION = YES;
				CLANG_WARN_DEPRECATED_OBJC_IMPLEMENTATIONS = YES;
				CLANG_WARN_DIRECT_OBJC_ISA_USAGE = YES_ERROR;
				CLANG_WARN_DOCUMENTATION_COMMENTS = YES;
				CLANG_WARN_EMPTY_BODY = YES;
				CLANG_WARN_ENUM_CONVERSION = YES;
				CLANG_WARN_INFINITE_RECURSION = YES;
				CLANG_WARN_INT_CONVERSION = YES;
				CLANG_WARN_NON_LITERAL_NULL_CONVERSION = YES;
				CLANG_WARN_OBJC_IMPLICIT_RETAIN_SELF = YES;
				CLANG_WARN_OBJC_LITERAL_CONVERSION = YES;
				CLANG_WARN_OBJC_ROOT_CLASS = YES_ERROR;
				CLANG_WARN_RANGE_LOOP_ANALYSIS = YES;
				CLANG_WARN_STRICT_PROTOTYPES = YES;
				CLANG_WARN_SUSPICIOUS_MOVE = YES;
				CLANG_WARN_UNGUARDED_AVAILABILITY = YES_AGGRESSIVE;
				CLANG_WARN_UNREACHABLE_CODE = YES;
				CLANG_WARN__DUPLICATE_METHOD_MATCH = YES;
				CODE_SIGN_IDENTITY = "iPhone Developer";
				COPY_PHASE_STRIP = NO;
				DEBUG_INFORMATION_FORMAT = dwarf;
				ENABLE_STRICT_OBJC_MSGSEND = YES;
				ENABLE_TESTABILITY = YES;
				GCC_C_LANGUAGE_STANDARD = gnu11;
				GCC_DYNAMIC_NO_PIC = NO;
				GCC_NO_COMMON_BLOCKS = YES;
				GCC_OPTIMIZATION_LEVEL = 0;
				GCC_PREPROCESSOR_DEFINITIONS = (
					"DEBUG=1",
					"$(inherited)",
				);
				GCC_WARN_64_TO_32_BIT_CONVERSION = YES;
				GCC_WARN_ABOUT_RETURN_TYPE = YES_ERROR;
				GCC_WARN_UNDECLARED_SELECTOR = YES;
				GCC_WARN_UNINITIALIZED_AUTOS = YES_AGGRESSIVE;
				GCC_WARN_UNUSED_FUNCTION = YES;
				GCC_WARN_UNUSED_VARIABLE = YES;
				IPHONEOS_DEPLOYMENT_TARGET = 9.0;
				MTL_ENABLE_DEBUG_INFO = INCLUDE_SOURCE;
				MTL_FAST_MATH = YES;
				ONLY_ACTIVE_ARCH = YES;
				SDKROOT = iphoneos;
				SWIFT_ACTIVE_COMPILATION_CONDITIONS = DEBUG;
				SWIFT_OPTIMIZATION_LEVEL = "-Onone";
			};
			name = Debug;
		};
		D037D1D321E443110054F1AD /* Release */ = {
			isa = XCBuildConfiguration;
			buildSettings = {
				ALWAYS_SEARCH_USER_PATHS = NO;
				CLANG_ANALYZER_NONNULL = YES;
				CLANG_ANALYZER_NUMBER_OBJECT_CONVERSION = YES_AGGRESSIVE;
				CLANG_CXX_LANGUAGE_STANDARD = "gnu++14";
				CLANG_CXX_LIBRARY = "libc++";
				CLANG_ENABLE_MODULES = YES;
				CLANG_ENABLE_OBJC_ARC = YES;
				CLANG_ENABLE_OBJC_WEAK = YES;
				CLANG_WARN_BLOCK_CAPTURE_AUTORELEASING = YES;
				CLANG_WARN_BOOL_CONVERSION = YES;
				CLANG_WARN_COMMA = YES;
				CLANG_WARN_CONSTANT_CONVERSION = YES;
				CLANG_WARN_DEPRECATED_OBJC_IMPLEMENTATIONS = YES;
				CLANG_WARN_DIRECT_OBJC_ISA_USAGE = YES_ERROR;
				CLANG_WARN_DOCUMENTATION_COMMENTS = YES;
				CLANG_WARN_EMPTY_BODY = YES;
				CLANG_WARN_ENUM_CONVERSION = YES;
				CLANG_WARN_INFINITE_RECURSION = YES;
				CLANG_WARN_INT_CONVERSION = YES;
				CLANG_WARN_NON_LITERAL_NULL_CONVERSION = YES;
				CLANG_WARN_OBJC_IMPLICIT_RETAIN_SELF = YES;
				CLANG_WARN_OBJC_LITERAL_CONVERSION = YES;
				CLANG_WARN_OBJC_ROOT_CLASS = YES_ERROR;
				CLANG_WARN_RANGE_LOOP_ANALYSIS = YES;
				CLANG_WARN_STRICT_PROTOTYPES = YES;
				CLANG_WARN_SUSPICIOUS_MOVE = YES;
				CLANG_WARN_UNGUARDED_AVAILABILITY = YES_AGGRESSIVE;
				CLANG_WARN_UNREACHABLE_CODE = YES;
				CLANG_WARN__DUPLICATE_METHOD_MATCH = YES;
				CODE_SIGN_IDENTITY = "iPhone Developer";
				COPY_PHASE_STRIP = NO;
				DEBUG_INFORMATION_FORMAT = "dwarf-with-dsym";
				ENABLE_NS_ASSERTIONS = NO;
				ENABLE_STRICT_OBJC_MSGSEND = YES;
				GCC_C_LANGUAGE_STANDARD = gnu11;
				GCC_NO_COMMON_BLOCKS = YES;
				GCC_WARN_64_TO_32_BIT_CONVERSION = YES;
				GCC_WARN_ABOUT_RETURN_TYPE = YES_ERROR;
				GCC_WARN_UNDECLARED_SELECTOR = YES;
				GCC_WARN_UNINITIALIZED_AUTOS = YES_AGGRESSIVE;
				GCC_WARN_UNUSED_FUNCTION = YES;
				GCC_WARN_UNUSED_VARIABLE = YES;
				IPHONEOS_DEPLOYMENT_TARGET = 9.0;
				MTL_ENABLE_DEBUG_INFO = NO;
				MTL_FAST_MATH = YES;
				SDKROOT = iphoneos;
				SWIFT_COMPILATION_MODE = wholemodule;
				SWIFT_OPTIMIZATION_LEVEL = "-O";
				VALIDATE_PRODUCT = YES;
			};
			name = Release;
		};
		D037D1D521E443110054F1AD /* Debug */ = {
			isa = XCBuildConfiguration;
			buildSettings = {
				ASSETCATALOG_COMPILER_APPICON_NAME = AppIcon;
				CODE_SIGN_STYLE = Automatic;
				DEVELOPMENT_TEAM = 94Z448EL6M;
				FRAMEWORK_SEARCH_PATHS = (
					"$(inherited)",
					"$(PROJECT_DIR)/YMTInAppPurchaseSampleApp",
				);
				INFOPLIST_FILE = YMTInAppPurchaseSampleApp/Info.plist;
				IPHONEOS_DEPLOYMENT_TARGET = 9.0;
				LD_RUNPATH_SEARCH_PATHS = (
					"$(inherited)",
					"@executable_path/Frameworks",
				);
				PRODUCT_BUNDLE_IDENTIFIER = net.yamatte.test.inapp.purchase;
				PRODUCT_NAME = "$(TARGET_NAME)";
				SWIFT_VERSION = 4.2;
				TARGETED_DEVICE_FAMILY = "1,2";
			};
			name = Debug;
		};
		D037D1D621E443110054F1AD /* Release */ = {
			isa = XCBuildConfiguration;
			buildSettings = {
				ASSETCATALOG_COMPILER_APPICON_NAME = AppIcon;
				CODE_SIGN_STYLE = Automatic;
				DEVELOPMENT_TEAM = 94Z448EL6M;
				FRAMEWORK_SEARCH_PATHS = (
					"$(inherited)",
					"$(PROJECT_DIR)/YMTInAppPurchaseSampleApp",
				);
				INFOPLIST_FILE = YMTInAppPurchaseSampleApp/Info.plist;
				IPHONEOS_DEPLOYMENT_TARGET = 9.0;
				LD_RUNPATH_SEARCH_PATHS = (
					"$(inherited)",
					"@executable_path/Frameworks",
				);
				PRODUCT_BUNDLE_IDENTIFIER = net.yamatte.test.inapp.purchase;
				PRODUCT_NAME = "$(TARGET_NAME)";
				SWIFT_VERSION = 4.2;
				TARGETED_DEVICE_FAMILY = "1,2";
			};
			name = Release;
		};
		D037D1D821E443110054F1AD /* Debug */ = {
			isa = XCBuildConfiguration;
			buildSettings = {
				ALWAYS_EMBED_SWIFT_STANDARD_LIBRARIES = YES;
				BUNDLE_LOADER = "$(TEST_HOST)";
				CODE_SIGN_STYLE = Automatic;
				DEVELOPMENT_TEAM = 94Z448EL6M;
				INFOPLIST_FILE = YMTInAppPurchaseSampleAppTests/Info.plist;
				LD_RUNPATH_SEARCH_PATHS = (
					"$(inherited)",
					"@executable_path/Frameworks",
					"@loader_path/Frameworks",
				);
				PRODUCT_BUNDLE_IDENTIFIER = net.yamatte.YMTInAppPurchaseSampleAppTests;
				PRODUCT_NAME = "$(TARGET_NAME)";
				SWIFT_VERSION = 4.2;
				TARGETED_DEVICE_FAMILY = "1,2";
				TEST_HOST = "$(BUILT_PRODUCTS_DIR)/YMTInAppPurchaseSampleApp.app/YMTInAppPurchaseSampleApp";
			};
			name = Debug;
		};
		D037D1D921E443110054F1AD /* Release */ = {
			isa = XCBuildConfiguration;
			buildSettings = {
				ALWAYS_EMBED_SWIFT_STANDARD_LIBRARIES = YES;
				BUNDLE_LOADER = "$(TEST_HOST)";
				CODE_SIGN_STYLE = Automatic;
				DEVELOPMENT_TEAM = 94Z448EL6M;
				INFOPLIST_FILE = YMTInAppPurchaseSampleAppTests/Info.plist;
				LD_RUNPATH_SEARCH_PATHS = (
					"$(inherited)",
					"@executable_path/Frameworks",
					"@loader_path/Frameworks",
				);
				PRODUCT_BUNDLE_IDENTIFIER = net.yamatte.YMTInAppPurchaseSampleAppTests;
				PRODUCT_NAME = "$(TARGET_NAME)";
				SWIFT_VERSION = 4.2;
				TARGETED_DEVICE_FAMILY = "1,2";
				TEST_HOST = "$(BUILT_PRODUCTS_DIR)/YMTInAppPurchaseSampleApp.app/YMTInAppPurchaseSampleApp";
			};
			name = Release;
		};
		D037D1DB21E443110054F1AD /* Debug */ = {
			isa = XCBuildConfiguration;
			buildSettings = {
				ALWAYS_EMBED_SWIFT_STANDARD_LIBRARIES = YES;
				CODE_SIGN_STYLE = Automatic;
				DEVELOPMENT_TEAM = 94Z448EL6M;
				INFOPLIST_FILE = YMTInAppPurchaseSampleAppUITests/Info.plist;
				LD_RUNPATH_SEARCH_PATHS = (
					"$(inherited)",
					"@executable_path/Frameworks",
					"@loader_path/Frameworks",
				);
				PRODUCT_BUNDLE_IDENTIFIER = net.yamatte.YMTInAppPurchaseSampleAppUITests;
				PRODUCT_NAME = "$(TARGET_NAME)";
				SWIFT_VERSION = 4.2;
				TARGETED_DEVICE_FAMILY = "1,2";
				TEST_TARGET_NAME = YMTInAppPurchaseSampleApp;
			};
			name = Debug;
		};
		D037D1DC21E443110054F1AD /* Release */ = {
			isa = XCBuildConfiguration;
			buildSettings = {
				ALWAYS_EMBED_SWIFT_STANDARD_LIBRARIES = YES;
				CODE_SIGN_STYLE = Automatic;
				DEVELOPMENT_TEAM = 94Z448EL6M;
				INFOPLIST_FILE = YMTInAppPurchaseSampleAppUITests/Info.plist;
				LD_RUNPATH_SEARCH_PATHS = (
					"$(inherited)",
					"@executable_path/Frameworks",
					"@loader_path/Frameworks",
				);
				PRODUCT_BUNDLE_IDENTIFIER = net.yamatte.YMTInAppPurchaseSampleAppUITests;
				PRODUCT_NAME = "$(TARGET_NAME)";
				SWIFT_VERSION = 4.2;
				TARGETED_DEVICE_FAMILY = "1,2";
				TEST_TARGET_NAME = YMTInAppPurchaseSampleApp;
			};
			name = Release;
		};
/* End XCBuildConfiguration section */

/* Begin XCConfigurationList section */
		D037D1A721E4430E0054F1AD /* Build configuration list for PBXProject "YMTInAppPurchaseSampleApp" */ = {
			isa = XCConfigurationList;
			buildConfigurations = (
				D037D1D221E443110054F1AD /* Debug */,
				D037D1D321E443110054F1AD /* Release */,
			);
			defaultConfigurationIsVisible = 0;
			defaultConfigurationName = Release;
		};
		D037D1D421E443110054F1AD /* Build configuration list for PBXNativeTarget "YMTInAppPurchaseSampleApp" */ = {
			isa = XCConfigurationList;
			buildConfigurations = (
				D037D1D521E443110054F1AD /* Debug */,
				D037D1D621E443110054F1AD /* Release */,
			);
			defaultConfigurationIsVisible = 0;
			defaultConfigurationName = Release;
		};
		D037D1D721E443110054F1AD /* Build configuration list for PBXNativeTarget "YMTInAppPurchaseSampleAppTests" */ = {
			isa = XCConfigurationList;
			buildConfigurations = (
				D037D1D821E443110054F1AD /* Debug */,
				D037D1D921E443110054F1AD /* Release */,
			);
			defaultConfigurationIsVisible = 0;
			defaultConfigurationName = Release;
		};
		D037D1DA21E443110054F1AD /* Build configuration list for PBXNativeTarget "YMTInAppPurchaseSampleAppUITests" */ = {
			isa = XCConfigurationList;
			buildConfigurations = (
				D037D1DB21E443110054F1AD /* Debug */,
				D037D1DC21E443110054F1AD /* Release */,
			);
			defaultConfigurationIsVisible = 0;
			defaultConfigurationName = Release;
		};
/* End XCConfigurationList section */
	};
	rootObject = D037D1A421E4430E0054F1AD /* Project object */;
}
